
Microsoft Visual Studio Solution File, Format Version 12.00
# Visual Studio Version 17
VisualStudioVersion = 17.11.35208.52
MinimumVisualStudioVersion = 10.0.40219.1
Project("{FAE04EC0-301F-11D3-BF4B-00C04F79EFBC}") = "exepciones", "exepciones\exepciones.csproj", "{F7638B54-08B5-4080-9A12-033B8717DD27}"
EndProject
Global
	GlobalSection(SolutionConfigurationPlatforms) = preSolution
		Debug|Any CPU = Debug|Any CPU
		Release|Any CPU = Release|Any CPU
	EndGlobalSection
	GlobalSection(ProjectConfigurationPlatforms) = postSolution
		{F7638B54-08B5-4080-9A12-033B8717DD27}.Debug|Any CPU.ActiveCfg = Debug|Any CPU
		{F7638B54-08B5-4080-9A12-033B8717DD27}.Debug|Any CPU.Build.0 = Debug|Any CPU
		{F7638B54-08B5-4080-9A12-033B8717DD27}.Release|Any CPU.ActiveCfg = Release|Any CPU
		{F7638B54-08B5-4080-9A12-033B8717DD27}.Release|Any CPU.Build.0 = Release|Any CPU
	EndGlobalSection
	GlobalSection(SolutionProperties) = preSolution
		HideSolutionNode = FALSE
	EndGlobalSection
	GlobalSection(ExtensibilityGlobals) = postSolution
		SolutionGuid = {3A61637A-B3B1-4CDC-BF6F-A34B919AC301}
	EndGlobalSection
EndGlobal
